
Microsoft Visual Studio Solution File, Format Version 12.00
# Visual Studio Version 17
VisualStudioVersion = 17.5.002.0
MinimumVisualStudioVersion = 10.0.40219.1
Project("{9A19103F-16F7-4668-BE54-9A1E7A4F7556}") = "CalorieTracker.TEST", "CalorieTracker.TEST.csproj", "{4309599D-FB5B-4C77-BAD3-C9E2F060524E}"
EndProject
Global
	GlobalSection(SolutionConfigurationPlatforms) = preSolution
		Debug|Any CPU = Debug|Any CPU
		Release|Any CPU = Release|Any CPU
	EndGlobalSection
	GlobalSection(ProjectConfigurationPlatforms) = postSolution
		{4309599D-FB5B-4C77-BAD3-C9E2F060524E}.Debug|Any CPU.ActiveCfg = Debug|Any CPU
		{4309599D-FB5B-4C77-BAD3-C9E2F060524E}.Debug|Any CPU.Build.0 = Debug|Any CPU
		{4309599D-FB5B-4C77-BAD3-C9E2F060524E}.Release|Any CPU.ActiveCfg = Release|Any CPU
		{4309599D-FB5B-4C77-BAD3-C9E2F060524E}.Release|Any CPU.Build.0 = Release|Any CPU
	EndGlobalSection
	GlobalSection(SolutionProperties) = preSolution
		HideSolutionNode = FALSE
	EndGlobalSection
	GlobalSection(ExtensibilityGlobals) = postSolution
		SolutionGuid = {14A7E007-3385-4130-BC3E-5B38E8477EF2}
	EndGlobalSection
EndGlobal
